
Microsoft Visual Studio Solution File, Format Version 12.00
# Visual Studio Version 16
VisualStudioVersion = 16.0.28902.138
MinimumVisualStudioVersion = 10.0.40219.1
Project("{FAE04EC0-301F-11D3-BF4B-00C04F79EFBC}") = "TestRomanos", "TestRomanos\TestRomanos.csproj", "{37910758-2905-4AE5-9E7B-E8E8809AE543}"
EndProject
Global
	GlobalSection(SolutionConfigurationPlatforms) = preSolution
		Debug|Any CPU = Debug|Any CPU
		Release|Any CPU = Release|Any CPU
	EndGlobalSection
	GlobalSection(ProjectConfigurationPlatforms) = postSolution
		{37910758-2905-4AE5-9E7B-E8E8809AE543}.Debug|Any CPU.ActiveCfg = Debug|Any CPU
		{37910758-2905-4AE5-9E7B-E8E8809AE543}.Debug|Any CPU.Build.0 = Debug|Any CPU
		{37910758-2905-4AE5-9E7B-E8E8809AE543}.Release|Any CPU.ActiveCfg = Release|Any CPU
		{37910758-2905-4AE5-9E7B-E8E8809AE543}.Release|Any CPU.Build.0 = Release|Any CPU
	EndGlobalSection
	GlobalSection(SolutionProperties) = preSolution
		HideSolutionNode = FALSE
	EndGlobalSection
	GlobalSection(ExtensibilityGlobals) = postSolution
		SolutionGuid = {F1AA4FED-A7BF-4281-9362-42428FE7B8C6}
	EndGlobalSection
EndGlobal
