
Microsoft Visual Studio Solution File, Format Version 12.00
# Visual Studio 15
VisualStudioVersion = 15.0.28307.645
MinimumVisualStudioVersion = 10.0.40219.1
Project("{FAE04EC0-301F-11D3-BF4B-00C04F79EFBC}") = "RomanoNumeralPart1", "RomanoNumeralPart1\RomanoNumeralPart1.csproj", "{9186247D-F04B-47C6-8CD2-5F2CE57F0ACA}"
EndProject
Global
	GlobalSection(SolutionConfigurationPlatforms) = preSolution
		Debug|Any CPU = Debug|Any CPU
		Release|Any CPU = Release|Any CPU
	EndGlobalSection
	GlobalSection(ProjectConfigurationPlatforms) = postSolution
		{9186247D-F04B-47C6-8CD2-5F2CE57F0ACA}.Debug|Any CPU.ActiveCfg = Debug|Any CPU
		{9186247D-F04B-47C6-8CD2-5F2CE57F0ACA}.Debug|Any CPU.Build.0 = Debug|Any CPU
		{9186247D-F04B-47C6-8CD2-5F2CE57F0ACA}.Release|Any CPU.ActiveCfg = Release|Any CPU
		{9186247D-F04B-47C6-8CD2-5F2CE57F0ACA}.Release|Any CPU.Build.0 = Release|Any CPU
	EndGlobalSection
	GlobalSection(SolutionProperties) = preSolution
		HideSolutionNode = FALSE
	EndGlobalSection
	GlobalSection(ExtensibilityGlobals) = postSolution
		SolutionGuid = {78724117-B809-4912-8568-94E1A8BCDE3E}
	EndGlobalSection
EndGlobal
